
Microsoft Visual Studio Solution File, Format Version 12.00
# Visual Studio Version 17
VisualStudioVersion = 17.6.33723.286
MinimumVisualStudioVersion = 10.0.40219.1
Project("{FAE04EC0-301F-11D3-BF4B-00C04F79EFBC}") = "WebAPI", "WebAPI\WebAPI.csproj", "{312DC1B6-B76B-4CED-859A-F09839B11555}"
EndProject
Project("{FAE04EC0-301F-11D3-BF4B-00C04F79EFBC}") = "BusinessObject", "BUsinessObject\BusinessObject.csproj", "{97E5DE23-8B80-4861-BD1E-88B5AB7F6256}"
EndProject
Global
	GlobalSection(SolutionConfigurationPlatforms) = preSolution
		Debug|Any CPU = Debug|Any CPU
		Release|Any CPU = Release|Any CPU
	EndGlobalSection
	GlobalSection(ProjectConfigurationPlatforms) = postSolution
		{312DC1B6-B76B-4CED-859A-F09839B11555}.Debug|Any CPU.ActiveCfg = Debug|Any CPU
		{312DC1B6-B76B-4CED-859A-F09839B11555}.Debug|Any CPU.Build.0 = Debug|Any CPU
		{312DC1B6-B76B-4CED-859A-F09839B11555}.Release|Any CPU.ActiveCfg = Release|Any CPU
		{312DC1B6-B76B-4CED-859A-F09839B11555}.Release|Any CPU.Build.0 = Release|Any CPU
		{97E5DE23-8B80-4861-BD1E-88B5AB7F6256}.Debug|Any CPU.ActiveCfg = Debug|Any CPU
		{97E5DE23-8B80-4861-BD1E-88B5AB7F6256}.Debug|Any CPU.Build.0 = Debug|Any CPU
		{97E5DE23-8B80-4861-BD1E-88B5AB7F6256}.Release|Any CPU.ActiveCfg = Release|Any CPU
		{97E5DE23-8B80-4861-BD1E-88B5AB7F6256}.Release|Any CPU.Build.0 = Release|Any CPU
	EndGlobalSection
	GlobalSection(SolutionProperties) = preSolution
		HideSolutionNode = FALSE
	EndGlobalSection
	GlobalSection(ExtensibilityGlobals) = postSolution
		SolutionGuid = {D2EF230B-2A7A-477A-B4FB-A89E2E941D65}
	EndGlobalSection
EndGlobal
